
Microsoft Visual Studio Solution File, Format Version 12.00
# Visual Studio Version 17
VisualStudioVersion = 17.11.35327.3
MinimumVisualStudioVersion = 10.0.40219.1
Project("{FAE04EC0-301F-11D3-BF4B-00C04F79EFBC}") = "PRA-C3-DJ-SA-CH-AL", "PRA-C3-DJ-SA-CH-AL\PRA-C3-DJ-SA-CH-AL.csproj", "{D0E87759-E438-444D-BA70-5D4358D3E6EA}"
EndProject
Global
	GlobalSection(SolutionConfigurationPlatforms) = preSolution
		Debug|ARM64 = Debug|ARM64
		Debug|x64 = Debug|x64
		Debug|x86 = Debug|x86
		Release|ARM64 = Release|ARM64
		Release|x64 = Release|x64
		Release|x86 = Release|x86
	EndGlobalSection
	GlobalSection(ProjectConfigurationPlatforms) = postSolution
		{D0E87759-E438-444D-BA70-5D4358D3E6EA}.Debug|ARM64.ActiveCfg = Debug|ARM64
		{D0E87759-E438-444D-BA70-5D4358D3E6EA}.Debug|ARM64.Build.0 = Debug|ARM64
		{D0E87759-E438-444D-BA70-5D4358D3E6EA}.Debug|ARM64.Deploy.0 = Debug|ARM64
		{D0E87759-E438-444D-BA70-5D4358D3E6EA}.Debug|x64.ActiveCfg = Debug|x64
		{D0E87759-E438-444D-BA70-5D4358D3E6EA}.Debug|x64.Build.0 = Debug|x64
		{D0E87759-E438-444D-BA70-5D4358D3E6EA}.Debug|x64.Deploy.0 = Debug|x64
		{D0E87759-E438-444D-BA70-5D4358D3E6EA}.Debug|x86.ActiveCfg = Debug|x86
		{D0E87759-E438-444D-BA70-5D4358D3E6EA}.Debug|x86.Build.0 = Debug|x86
		{D0E87759-E438-444D-BA70-5D4358D3E6EA}.Debug|x86.Deploy.0 = Debug|x86
		{D0E87759-E438-444D-BA70-5D4358D3E6EA}.Release|ARM64.ActiveCfg = Release|ARM64
		{D0E87759-E438-444D-BA70-5D4358D3E6EA}.Release|ARM64.Build.0 = Release|ARM64
		{D0E87759-E438-444D-BA70-5D4358D3E6EA}.Release|ARM64.Deploy.0 = Release|ARM64
		{D0E87759-E438-444D-BA70-5D4358D3E6EA}.Release|x64.ActiveCfg = Release|x64
		{D0E87759-E438-444D-BA70-5D4358D3E6EA}.Release|x64.Build.0 = Release|x64
		{D0E87759-E438-444D-BA70-5D4358D3E6EA}.Release|x64.Deploy.0 = Release|x64
		{D0E87759-E438-444D-BA70-5D4358D3E6EA}.Release|x86.ActiveCfg = Release|x86
		{D0E87759-E438-444D-BA70-5D4358D3E6EA}.Release|x86.Build.0 = Release|x86
		{D0E87759-E438-444D-BA70-5D4358D3E6EA}.Release|x86.Deploy.0 = Release|x86
	EndGlobalSection
	GlobalSection(SolutionProperties) = preSolution
		HideSolutionNode = FALSE
	EndGlobalSection
	GlobalSection(ExtensibilityGlobals) = postSolution
		SolutionGuid = {15B58EEE-BA16-4AB5-B6D1-02E8B54C7CB1}
	EndGlobalSection
EndGlobal
